
Microsoft Visual Studio Solution File, Format Version 12.00
# Visual Studio 15
VisualStudioVersion = 15.0.28307.705
MinimumVisualStudioVersion = 10.0.40219.1
Project("{FAE04EC0-301F-11D3-BF4B-00C04F79EFBC}") = "DsAPKgForms", "DsAPKgForms\DsAPKgForms.csproj", "{C0FD70B4-E649-4C41-8D0E-9A2CF17BA30A}"
EndProject
Project("{FAE04EC0-301F-11D3-BF4B-00C04F79EFBC}") = "KnowledgeExtractor", "KnowledgeExtractor\KnowledgeExtractor.csproj", "{EC15CE01-78B8-4BDE-A36F-5D94403956CE}"
EndProject
Project("{FAE04EC0-301F-11D3-BF4B-00C04F79EFBC}") = "ConsoleAppSandbox", "ConsoleAppSandbox\ConsoleAppSandbox.csproj", "{45782124-B61B-4F0F-84D5-E21EEE0A17BD}"
EndProject
Project("{FAE04EC0-301F-11D3-BF4B-00C04F79EFBC}") = "Tests", "Tests\Tests.csproj", "{0434FD65-3486-4320-A95A-FAA3EB89B475}"
EndProject
Global
	GlobalSection(SolutionConfigurationPlatforms) = preSolution
		Debug|Any CPU = Debug|Any CPU
		Release|Any CPU = Release|Any CPU
	EndGlobalSection
	GlobalSection(ProjectConfigurationPlatforms) = postSolution
		{C0FD70B4-E649-4C41-8D0E-9A2CF17BA30A}.Debug|Any CPU.ActiveCfg = Debug|Any CPU
		{C0FD70B4-E649-4C41-8D0E-9A2CF17BA30A}.Debug|Any CPU.Build.0 = Debug|Any CPU
		{C0FD70B4-E649-4C41-8D0E-9A2CF17BA30A}.Release|Any CPU.ActiveCfg = Release|Any CPU
		{C0FD70B4-E649-4C41-8D0E-9A2CF17BA30A}.Release|Any CPU.Build.0 = Release|Any CPU
		{EC15CE01-78B8-4BDE-A36F-5D94403956CE}.Debug|Any CPU.ActiveCfg = Debug|Any CPU
		{EC15CE01-78B8-4BDE-A36F-5D94403956CE}.Debug|Any CPU.Build.0 = Debug|Any CPU
		{EC15CE01-78B8-4BDE-A36F-5D94403956CE}.Release|Any CPU.ActiveCfg = Release|Any CPU
		{EC15CE01-78B8-4BDE-A36F-5D94403956CE}.Release|Any CPU.Build.0 = Release|Any CPU
		{45782124-B61B-4F0F-84D5-E21EEE0A17BD}.Debug|Any CPU.ActiveCfg = Debug|Any CPU
		{45782124-B61B-4F0F-84D5-E21EEE0A17BD}.Debug|Any CPU.Build.0 = Debug|Any CPU
		{45782124-B61B-4F0F-84D5-E21EEE0A17BD}.Release|Any CPU.ActiveCfg = Release|Any CPU
		{45782124-B61B-4F0F-84D5-E21EEE0A17BD}.Release|Any CPU.Build.0 = Release|Any CPU
		{0434FD65-3486-4320-A95A-FAA3EB89B475}.Debug|Any CPU.ActiveCfg = Debug|Any CPU
		{0434FD65-3486-4320-A95A-FAA3EB89B475}.Debug|Any CPU.Build.0 = Debug|Any CPU
		{0434FD65-3486-4320-A95A-FAA3EB89B475}.Release|Any CPU.ActiveCfg = Release|Any CPU
		{0434FD65-3486-4320-A95A-FAA3EB89B475}.Release|Any CPU.Build.0 = Release|Any CPU
	EndGlobalSection
	GlobalSection(SolutionProperties) = preSolution
		HideSolutionNode = FALSE
	EndGlobalSection
	GlobalSection(ExtensibilityGlobals) = postSolution
		SolutionGuid = {4D8DABB4-0295-4CC0-AC87-9A129A0645D1}
	EndGlobalSection
EndGlobal
